
Microsoft Visual Studio Solution File, Format Version 12.00
# Visual Studio Version 16
VisualStudioVersion = 16.0.30524.135
MinimumVisualStudioVersion = 10.0.40219.1
Project("{FAE04EC0-301F-11D3-BF4B-00C04F79EFBC}") = "WindowsAuthenticationDemo", "WindowsAuthenticationDemo\WindowsAuthenticationDemo.csproj", "{54084E3F-A203-4613-9945-0599480CF4C8}"
EndProject
Global
	GlobalSection(SolutionConfigurationPlatforms) = preSolution
		Debug|Any CPU = Debug|Any CPU
		Release|Any CPU = Release|Any CPU
	EndGlobalSection
	GlobalSection(ProjectConfigurationPlatforms) = postSolution
		{54084E3F-A203-4613-9945-0599480CF4C8}.Debug|Any CPU.ActiveCfg = Debug|Any CPU
		{54084E3F-A203-4613-9945-0599480CF4C8}.Debug|Any CPU.Build.0 = Debug|Any CPU
		{54084E3F-A203-4613-9945-0599480CF4C8}.Release|Any CPU.ActiveCfg = Release|Any CPU
		{54084E3F-A203-4613-9945-0599480CF4C8}.Release|Any CPU.Build.0 = Release|Any CPU
	EndGlobalSection
	GlobalSection(SolutionProperties) = preSolution
		HideSolutionNode = FALSE
	EndGlobalSection
	GlobalSection(ExtensibilityGlobals) = postSolution
		SolutionGuid = {0C248FDB-BA30-409D-B82F-731269F9D049}
	EndGlobalSection
EndGlobal
